
Microsoft Visual Studio Solution File, Format Version 12.00
# Visual Studio 15
Project("{FAE04EC0-301F-11D3-BF4B-00C04F79EFBC}") = "AuthenticationService", "AuthenticationService\AuthenticationService.csproj", "{C7A4F00B-E7E5-4036-AD8A-ECD8CC4E6329}"
EndProject
Project("{FAE04EC0-301F-11D3-BF4B-00C04F79EFBC}") = "AuthenticationService.DataLayer", "AuthenticationService.DataLayer\AuthenticationService.DataLayer.csproj", "{81BE49A2-3422-497A-AD88-285ECF56DC66}"
EndProject
Project("{FAE04EC0-301F-11D3-BF4B-00C04F79EFBC}") = "AuthenticationService.BusinessLayer", "AuthenticationService.BusinessLayer\AuthenticationService.BusinessLayer.csproj", "{8796A874-39B5-43BA-B8D0-7F92C958DA21}"
EndProject
Global
	GlobalSection(SolutionConfigurationPlatforms) = preSolution
		Debug|Any CPU = Debug|Any CPU
		Release|Any CPU = Release|Any CPU
	EndGlobalSection
	GlobalSection(ProjectConfigurationPlatforms) = postSolution
		{C7A4F00B-E7E5-4036-AD8A-ECD8CC4E6329}.Debug|Any CPU.ActiveCfg = Debug|Any CPU
		{C7A4F00B-E7E5-4036-AD8A-ECD8CC4E6329}.Debug|Any CPU.Build.0 = Debug|Any CPU
		{C7A4F00B-E7E5-4036-AD8A-ECD8CC4E6329}.Release|Any CPU.ActiveCfg = Release|Any CPU
		{C7A4F00B-E7E5-4036-AD8A-ECD8CC4E6329}.Release|Any CPU.Build.0 = Release|Any CPU
		{81BE49A2-3422-497A-AD88-285ECF56DC66}.Debug|Any CPU.ActiveCfg = Debug|Any CPU
		{81BE49A2-3422-497A-AD88-285ECF56DC66}.Debug|Any CPU.Build.0 = Debug|Any CPU
		{81BE49A2-3422-497A-AD88-285ECF56DC66}.Release|Any CPU.ActiveCfg = Release|Any CPU
		{81BE49A2-3422-497A-AD88-285ECF56DC66}.Release|Any CPU.Build.0 = Release|Any CPU
		{8796A874-39B5-43BA-B8D0-7F92C958DA21}.Debug|Any CPU.ActiveCfg = Debug|Any CPU
		{8796A874-39B5-43BA-B8D0-7F92C958DA21}.Debug|Any CPU.Build.0 = Debug|Any CPU
		{8796A874-39B5-43BA-B8D0-7F92C958DA21}.Release|Any CPU.ActiveCfg = Release|Any CPU
		{8796A874-39B5-43BA-B8D0-7F92C958DA21}.Release|Any CPU.Build.0 = Release|Any CPU
	EndGlobalSection
EndGlobal
